{
  "name": "pattern-via-io",
  "version": "0.0.1",
  "lockfileVersion": 2,
  "requires": true,
  "packages": {
    "": {
      "name": "pattern-via-io",
      "version": "0.0.1",
      "license": "MIT",
      "dependencies": {
        "@freesewing/aaron": "next",
        "@freesewing/brian": "next",
        "@freesewing/core": "next",
        "@freesewing/plugin-bundle": "next",
        "@freesewing/plugin-bust": "next",
        "@freesewing/plugin-theme": "next"
      }
    },
    "node_modules/@freesewing/aaron": {
      "version": "3.0.0-alpha.12",
      "resolved": "https://registry.npmjs.org/@freesewing/aaron/-/aaron-3.0.0-alpha.12.tgz",
      "integrity": "sha512-/RwvlRidzdUZeAhLj/Kqk/DLnBuPldaQvLCdHUBeda76Q5epQjIG4GXT1zGZKnjMmTxF+Xy5Uplm+jm3KkyF/w==",
      "engines": {
        "node": ">=16.0.0",
        "npm": ">=8"
      },
      "funding": {
        "type": "individual",
        "url": "https://freesewing.org/patrons/join"
      },
      "peerDependencies": {
        "@freesewing/brian": "3.0.0-alpha.12",
        "@freesewing/core": "3.0.0-alpha.12",
        "@freesewing/plugin-bundle": "3.0.0-alpha.12",
        "@freesewing/plugin-bust": "3.0.0-alpha.12"
      }
    },
    "node_modules/@freesewing/brian": {
      "version": "3.0.0-alpha.12",
      "resolved": "https://registry.npmjs.org/@freesewing/brian/-/brian-3.0.0-alpha.12.tgz",
      "integrity": "sha512-1GTmuGm1UqwL62IaqVKLHUQTQ5CSCsSXdULhp+G1lpPtXu8D2dYWEw5l0nEsTYZEz0DnE17zSCTOHezE1TRMnQ==",
      "engines": {
        "node": ">=16.0.0",
        "npm": ">=8"
      },
      "funding": {
        "type": "individual",
        "url": "https://freesewing.org/patrons/join"
      },
      "peerDependencies": {
        "@freesewing/core": "3.0.0-alpha.12",
        "@freesewing/plugin-bundle": "3.0.0-alpha.12",
        "@freesewing/plugin-bust": "3.0.0-alpha.12",
        "@freesewing/plugin-mirror": "3.0.0-alpha.12"
      }
    },
    "node_modules/@freesewing/core": {
      "version": "3.0.0-alpha.12",
      "resolved": "https://registry.npmjs.org/@freesewing/core/-/core-3.0.0-alpha.12.tgz",
      "integrity": "sha512-W51ZWiUfy+afCV7CX5JZ4IR9BlDbGXWa9yvEDPQeb7DksmONcOaBLEeGfcyN14bCWjMa9znLV+2HiRvrL6vY3g==",
      "dependencies": {
        "bezier-js": "6.1.3",
        "bin-pack-with-constraints": "1.0.1",
        "hooks": "0.3.2",
        "lodash.clonedeep": "^4.5.0",
        "lodash.get": "4.4.2",
        "lodash.set": "4.3.2",
        "lodash.unset": "4.5.2"
      },
      "engines": {
        "node": ">=16.0.0",
        "npm": ">=8"
      },
      "funding": {
        "type": "individual",
        "url": "https://freesewing.org/patrons/join"
      }
    },
    "node_modules/@freesewing/plugin-bundle": {
      "version": "3.0.0-alpha.12",
      "resolved": "https://registry.npmjs.org/@freesewing/plugin-bundle/-/plugin-bundle-3.0.0-alpha.12.tgz",
      "integrity": "sha512-FejPRfypxlAyqJxfUKFB3zL8FFjQ879e7Pt0Q0mf9+Oq2lmBAuDL9wHsezvMjNtINfAOR+gsdXh9ShxYQ9Lrsw==",
      "engines": {
        "node": ">=16.0.0",
        "npm": ">=8"
      },
      "funding": {
        "type": "individual",
        "url": "https://freesewing.org/patrons/join"
      },
      "peerDependencies": {
        "@freesewing/core": "3.0.0-alpha.12"
      }
    },
    "node_modules/@freesewing/plugin-bust": {
      "version": "3.0.0-alpha.12",
      "resolved": "https://registry.npmjs.org/@freesewing/plugin-bust/-/plugin-bust-3.0.0-alpha.12.tgz",
      "integrity": "sha512-F37mTBOxrpdNAESdRke9x8h/pdwy76fxFQMTZf2s/CT6z4uqvpKn0unFJJSGnlH3TvZpvddq7URy6paWAsPJ+g==",
      "engines": {
        "node": ">=16.0.0",
        "npm": ">=8"
      },
      "funding": {
        "type": "individual",
        "url": "https://freesewing.org/patrons/join"
      },
      "peerDependencies": {
        "@freesewing/core": "3.0.0-alpha.12"
      }
    },
    "node_modules/@freesewing/plugin-mirror": {
      "version": "3.0.0-alpha.12",
      "resolved": "https://registry.npmjs.org/@freesewing/plugin-mirror/-/plugin-mirror-3.0.0-alpha.12.tgz",
      "integrity": "sha512-6yaBDBCDlP+K7jDFnfFgzT2O5yXGaXptYVj/F80d97U5g/1WRbrFE9a7JWxZhpy44lalfGo5mbX9ALHs6PxEFw==",
      "peer": true,
      "engines": {
        "node": ">=16.0.0",
        "npm": ">=8"
      },
      "funding": {
        "type": "individual",
        "url": "https://freesewing.org/patrons/join"
      },
      "peerDependencies": {
        "@freesewing/core": "3.0.0-alpha.12"
      }
    },
    "node_modules/@freesewing/plugin-theme": {
      "version": "3.0.0-alpha.12",
      "resolved": "https://registry.npmjs.org/@freesewing/plugin-theme/-/plugin-theme-3.0.0-alpha.12.tgz",
      "integrity": "sha512-QzQkiR5ZOtzoLSD+Dto/ZWdylYO+5B3+aUz8sMC3vCAfP/c+GdVu1fDusgLB2ZaV9nGa3hoQmmKnUseTLlVbcg==",
      "engines": {
        "node": ">=16.0.0",
        "npm": ">=8"
      },
      "funding": {
        "type": "individual",
        "url": "https://freesewing.org/patrons/join"
      },
      "peerDependencies": {
        "@freesewing/core": "3.0.0-alpha.12"
      }
    },
    "node_modules/bezier-js": {
      "version": "6.1.3",
      "resolved": "https://registry.npmjs.org/bezier-js/-/bezier-js-6.1.3.tgz",
      "integrity": "sha512-VPFvkyO98oCJ1Tsi+bFBrKEWLdefAj4DJVaWp3xTEsdCbunC7Pt/nTeIgu/UdskBNcmHv8TOfsgdMZb1GsICmg==",
      "funding": {
        "type": "individual",
        "url": "https://github.com/Pomax/bezierjs/blob/master/FUNDING.md"
      }
    },
    "node_modules/bin-pack-with-constraints": {
      "version": "1.0.1",
      "resolved": "https://registry.npmjs.org/bin-pack-with-constraints/-/bin-pack-with-constraints-1.0.1.tgz",
      "integrity": "sha512-fiPxvZAWuIqLpK79Ov58PztT/ZiGbpDB7usifleilJ/4aqhSx0ivY5kRifESJnR2rq51pScbUJ0LgCebufGJnA=="
    },
    "node_modules/hooks": {
      "version": "0.3.2",
      "resolved": "https://registry.npmjs.org/hooks/-/hooks-0.3.2.tgz",
      "integrity": "sha512-TqeFzUf12rSzcbm5lUls81jimUC8TmXZ4ANPxxeeMou09hrjBcHYhAQ0WgyN5YqNCXOzz7L6xVNl/+ctFuSeOw==",
      "engines": {
        "node": ">=0.4.0"
      }
    },
    "node_modules/lodash.clonedeep": {
      "version": "4.5.0",
      "resolved": "https://registry.npmjs.org/lodash.clonedeep/-/lodash.clonedeep-4.5.0.tgz",
      "integrity": "sha512-H5ZhCF25riFd9uB5UCkVKo61m3S/xZk1x4wA6yp/L3RFP6Z/eHH1ymQcGLo7J3GMPfm0V/7m1tryHuGVxpqEBQ=="
    },
    "node_modules/lodash.get": {
      "version": "4.4.2",
      "resolved": "https://registry.npmjs.org/lodash.get/-/lodash.get-4.4.2.tgz",
      "integrity": "sha512-z+Uw/vLuy6gQe8cfaFWD7p0wVv8fJl3mbzXh33RS+0oW2wvUqiRXiQ69gLWSLpgB5/6sU+r6BlQR0MBILadqTQ=="
    },
    "node_modules/lodash.set": {
      "version": "4.3.2",
      "resolved": "https://registry.npmjs.org/lodash.set/-/lodash.set-4.3.2.tgz",
      "integrity": "sha512-4hNPN5jlm/N/HLMCO43v8BXKq9Z7QdAGc/VGrRD61w8gN9g/6jF9A4L1pbUgBLCffi0w9VsXfTOij5x8iTyFvg=="
    },
    "node_modules/lodash.unset": {
      "version": "4.5.2",
      "resolved": "https://registry.npmjs.org/lodash.unset/-/lodash.unset-4.5.2.tgz",
      "integrity": "sha512-bwKX88k2JhCV9D1vtE8+naDKlLiGrSmf8zi/Y9ivFHwbmRfA8RxS/aVJ+sIht2XOwqoNr4xUPUkGZpc1sHFEKg=="
    }
  },
  "dependencies": {
    "@freesewing/aaron": {
      "version": "3.0.0-alpha.12",
      "resolved": "https://registry.npmjs.org/@freesewing/aaron/-/aaron-3.0.0-alpha.12.tgz",
      "integrity": "sha512-/RwvlRidzdUZeAhLj/Kqk/DLnBuPldaQvLCdHUBeda76Q5epQjIG4GXT1zGZKnjMmTxF+Xy5Uplm+jm3KkyF/w==",
      "requires": {}
    },
    "@freesewing/brian": {
      "version": "3.0.0-alpha.12",
      "resolved": "https://registry.npmjs.org/@freesewing/brian/-/brian-3.0.0-alpha.12.tgz",
      "integrity": "sha512-1GTmuGm1UqwL62IaqVKLHUQTQ5CSCsSXdULhp+G1lpPtXu8D2dYWEw5l0nEsTYZEz0DnE17zSCTOHezE1TRMnQ==",
      "requires": {}
    },
    "@freesewing/core": {
      "version": "3.0.0-alpha.12",
      "resolved": "https://registry.npmjs.org/@freesewing/core/-/core-3.0.0-alpha.12.tgz",
      "integrity": "sha512-W51ZWiUfy+afCV7CX5JZ4IR9BlDbGXWa9yvEDPQeb7DksmONcOaBLEeGfcyN14bCWjMa9znLV+2HiRvrL6vY3g==",
      "requires": {
        "bezier-js": "6.1.3",
        "bin-pack-with-constraints": "1.0.1",
        "hooks": "0.3.2",
        "lodash.clonedeep": "^4.5.0",
        "lodash.get": "4.4.2",
        "lodash.set": "4.3.2",
        "lodash.unset": "4.5.2"
      }
    },
    "@freesewing/plugin-bundle": {
      "version": "3.0.0-alpha.12",
      "resolved": "https://registry.npmjs.org/@freesewing/plugin-bundle/-/plugin-bundle-3.0.0-alpha.12.tgz",
      "integrity": "sha512-FejPRfypxlAyqJxfUKFB3zL8FFjQ879e7Pt0Q0mf9+Oq2lmBAuDL9wHsezvMjNtINfAOR+gsdXh9ShxYQ9Lrsw==",
      "requires": {}
    },
    "@freesewing/plugin-bust": {
      "version": "3.0.0-alpha.12",
      "resolved": "https://registry.npmjs.org/@freesewing/plugin-bust/-/plugin-bust-3.0.0-alpha.12.tgz",
      "integrity": "sha512-F37mTBOxrpdNAESdRke9x8h/pdwy76fxFQMTZf2s/CT6z4uqvpKn0unFJJSGnlH3TvZpvddq7URy6paWAsPJ+g==",
      "requires": {}
    },
    "@freesewing/plugin-mirror": {
      "version": "3.0.0-alpha.12",
      "resolved": "https://registry.npmjs.org/@freesewing/plugin-mirror/-/plugin-mirror-3.0.0-alpha.12.tgz",
      "integrity": "sha512-6yaBDBCDlP+K7jDFnfFgzT2O5yXGaXptYVj/F80d97U5g/1WRbrFE9a7JWxZhpy44lalfGo5mbX9ALHs6PxEFw==",
      "peer": true,
      "requires": {}
    },
    "@freesewing/plugin-theme": {
      "version": "3.0.0-alpha.12",
      "resolved": "https://registry.npmjs.org/@freesewing/plugin-theme/-/plugin-theme-3.0.0-alpha.12.tgz",
      "integrity": "sha512-QzQkiR5ZOtzoLSD+Dto/ZWdylYO+5B3+aUz8sMC3vCAfP/c+GdVu1fDusgLB2ZaV9nGa3hoQmmKnUseTLlVbcg==",
      "requires": {}
    },
    "bezier-js": {
      "version": "6.1.3",
      "resolved": "https://registry.npmjs.org/bezier-js/-/bezier-js-6.1.3.tgz",
      "integrity": "sha512-VPFvkyO98oCJ1Tsi+bFBrKEWLdefAj4DJVaWp3xTEsdCbunC7Pt/nTeIgu/UdskBNcmHv8TOfsgdMZb1GsICmg=="
    },
    "bin-pack-with-constraints": {
      "version": "1.0.1",
      "resolved": "https://registry.npmjs.org/bin-pack-with-constraints/-/bin-pack-with-constraints-1.0.1.tgz",
      "integrity": "sha512-fiPxvZAWuIqLpK79Ov58PztT/ZiGbpDB7usifleilJ/4aqhSx0ivY5kRifESJnR2rq51pScbUJ0LgCebufGJnA=="
    },
    "hooks": {
      "version": "0.3.2",
      "resolved": "https://registry.npmjs.org/hooks/-/hooks-0.3.2.tgz",
      "integrity": "sha512-TqeFzUf12rSzcbm5lUls81jimUC8TmXZ4ANPxxeeMou09hrjBcHYhAQ0WgyN5YqNCXOzz7L6xVNl/+ctFuSeOw=="
    },
    "lodash.clonedeep": {
      "version": "4.5.0",
      "resolved": "https://registry.npmjs.org/lodash.clonedeep/-/lodash.clonedeep-4.5.0.tgz",
      "integrity": "sha512-H5ZhCF25riFd9uB5UCkVKo61m3S/xZk1x4wA6yp/L3RFP6Z/eHH1ymQcGLo7J3GMPfm0V/7m1tryHuGVxpqEBQ=="
    },
    "lodash.get": {
      "version": "4.4.2",
      "resolved": "https://registry.npmjs.org/lodash.get/-/lodash.get-4.4.2.tgz",
      "integrity": "sha512-z+Uw/vLuy6gQe8cfaFWD7p0wVv8fJl3mbzXh33RS+0oW2wvUqiRXiQ69gLWSLpgB5/6sU+r6BlQR0MBILadqTQ=="
    },
    "lodash.set": {
      "version": "4.3.2",
      "resolved": "https://registry.npmjs.org/lodash.set/-/lodash.set-4.3.2.tgz",
      "integrity": "sha512-4hNPN5jlm/N/HLMCO43v8BXKq9Z7QdAGc/VGrRD61w8gN9g/6jF9A4L1pbUgBLCffi0w9VsXfTOij5x8iTyFvg=="
    },
    "lodash.unset": {
      "version": "4.5.2",
      "resolved": "https://registry.npmjs.org/lodash.unset/-/lodash.unset-4.5.2.tgz",
      "integrity": "sha512-bwKX88k2JhCV9D1vtE8+naDKlLiGrSmf8zi/Y9ivFHwbmRfA8RxS/aVJ+sIht2XOwqoNr4xUPUkGZpc1sHFEKg=="
    }
  }
}
